
Microsoft Visual Studio Solution File, Format Version 12.00
# Visual Studio Version 16
VisualStudioVersion = 16.0.31911.196
MinimumVisualStudioVersion = 10.0.40219.1
Project("{FAE04EC0-301F-11D3-BF4B-00C04F79EFBC}") = "DataBaseAgents", "DataBaseAgents\DataBaseAgents.csproj", "{783D4824-859E-4DAA-9CE4-9649E2B34195}"
EndProject
Global
	GlobalSection(SolutionConfigurationPlatforms) = preSolution
		Debug|Any CPU = Debug|Any CPU
		Release|Any CPU = Release|Any CPU
	EndGlobalSection
	GlobalSection(ProjectConfigurationPlatforms) = postSolution
		{783D4824-859E-4DAA-9CE4-9649E2B34195}.Debug|Any CPU.ActiveCfg = Debug|Any CPU
		{783D4824-859E-4DAA-9CE4-9649E2B34195}.Debug|Any CPU.Build.0 = Debug|Any CPU
		{783D4824-859E-4DAA-9CE4-9649E2B34195}.Release|Any CPU.ActiveCfg = Release|Any CPU
		{783D4824-859E-4DAA-9CE4-9649E2B34195}.Release|Any CPU.Build.0 = Release|Any CPU
	EndGlobalSection
	GlobalSection(SolutionProperties) = preSolution
		HideSolutionNode = FALSE
	EndGlobalSection
	GlobalSection(ExtensibilityGlobals) = postSolution
		SolutionGuid = {B7B9608B-9EB2-4368-B2EA-3A7DEB6F146F}
	EndGlobalSection
EndGlobal
